
Microsoft Visual Studio Solution File, Format Version 12.00
# Visual Studio 15
VisualStudioVersion = 15.0.27130.2027
MinimumVisualStudioVersion = 10.0.40219.1
Project("{FAE04EC0-301F-11D3-BF4B-00C04F79EFBC}") = "projeto_agency", "projeto_agency\projeto_agency.csproj", "{0BBCA6D9-4D33-4DF4-B63D-7D4322177098}"
EndProject
Global
	GlobalSection(SolutionConfigurationPlatforms) = preSolution
		Debug|Any CPU = Debug|Any CPU
		Release|Any CPU = Release|Any CPU
	EndGlobalSection
	GlobalSection(ProjectConfigurationPlatforms) = postSolution
		{0BBCA6D9-4D33-4DF4-B63D-7D4322177098}.Debug|Any CPU.ActiveCfg = Debug|Any CPU
		{0BBCA6D9-4D33-4DF4-B63D-7D4322177098}.Debug|Any CPU.Build.0 = Debug|Any CPU
		{0BBCA6D9-4D33-4DF4-B63D-7D4322177098}.Release|Any CPU.ActiveCfg = Release|Any CPU
		{0BBCA6D9-4D33-4DF4-B63D-7D4322177098}.Release|Any CPU.Build.0 = Release|Any CPU
	EndGlobalSection
	GlobalSection(SolutionProperties) = preSolution
		HideSolutionNode = FALSE
	EndGlobalSection
	GlobalSection(ExtensibilityGlobals) = postSolution
		SolutionGuid = {C8732423-89E1-4548-A648-6574E4911730}
	EndGlobalSection
EndGlobal
